
Microsoft Visual Studio Solution File, Format Version 12.00
Project("{FAE04EC0-301F-11D3-BF4B-00C04F79EFBC}") = "TestCoverage", "TestCoverage\TestCoverage.csproj", "{6B7AF2F8-33B9-42A7-A9DA-EAB9689259AF}"
EndProject
Project("{FAE04EC0-301F-11D3-BF4B-00C04F79EFBC}") = "TestCoverageUnitTests", "TestCoverageUnitTests\TestCoverageUnitTests.csproj", "{4C2A3153-5723-4751-AE8A-DF8D1EDC608E}"
EndProject
Global
	GlobalSection(SolutionConfigurationPlatforms) = preSolution
		Debug|Any CPU = Debug|Any CPU
		Release|Any CPU = Release|Any CPU
	EndGlobalSection
	GlobalSection(ProjectConfigurationPlatforms) = postSolution
		{6B7AF2F8-33B9-42A7-A9DA-EAB9689259AF}.Debug|Any CPU.ActiveCfg = Debug|Any CPU
		{6B7AF2F8-33B9-42A7-A9DA-EAB9689259AF}.Debug|Any CPU.Build.0 = Debug|Any CPU
		{6B7AF2F8-33B9-42A7-A9DA-EAB9689259AF}.Release|Any CPU.ActiveCfg = Release|Any CPU
		{6B7AF2F8-33B9-42A7-A9DA-EAB9689259AF}.Release|Any CPU.Build.0 = Release|Any CPU
		{4C2A3153-5723-4751-AE8A-DF8D1EDC608E}.Debug|Any CPU.ActiveCfg = Debug|Any CPU
		{4C2A3153-5723-4751-AE8A-DF8D1EDC608E}.Debug|Any CPU.Build.0 = Debug|Any CPU
		{4C2A3153-5723-4751-AE8A-DF8D1EDC608E}.Release|Any CPU.ActiveCfg = Release|Any CPU
		{4C2A3153-5723-4751-AE8A-DF8D1EDC608E}.Release|Any CPU.Build.0 = Release|Any CPU
	EndGlobalSection
EndGlobal
